// !$*UTF8*$!
{
	archiveVersion = 1;
	classes = {
	};
	objectVersion = 77;
	objects = {

/* Begin PBXBuildFile section */
		00F9B57E8B54F79C613BE58D /* KeychainManager.swift in Sources */ = {isa = PBXBuildFile; fileRef = 602F70D65A9C980203F6BD98 /* KeychainManager.swift */; };
		13F488C052886E1CECA919C8 /* Assets.xcassets in Resources */ = {isa = PBXBuildFile; fileRef = 14F415E3ABAE6B0B1C239C1B /* Assets.xcassets */; };
		226BA8872B4FD19FF834B1FA /* Sparkle in Frameworks */ = {isa = PBXBuildFile; productRef = 2E8282225F9008D9991A690F /* Sparkle */; };
		22A6E906D0306C61FA343D3D /* UsageDataSorting.swift in Sources */ = {isa = PBXBuildFile; fileRef = E0CAC7C62436639BBD0B16F5 /* UsageDataSorting.swift */; };
		28C826CE0E50865749DF28C2 /* SharedModels.swift in Sources */ = {isa = PBXBuildFile; fileRef = 9414C803D917A736D233CFB1 /* SharedModels.swift */; };
		30D02AA389725B8973EBE0AE /* UsageDataSorting.swift in Sources */ = {isa = PBXBuildFile; fileRef = E0CAC7C62436639BBD0B16F5 /* UsageDataSorting.swift */; };
		320BDB51592A7885254A88C0 /* CodexEquivalentValueIndexer.swift in Sources */ = {isa = PBXBuildFile; fileRef = 01E5C4D4BA969FABD3472107 /* CodexEquivalentValueIndexer.swift */; };
		324E88666A3E6F6DD291E2FC /* MenuBarIconWhite.png in Resources */ = {isa = PBXBuildFile; fileRef = 9B96BB309DBA1B3C9BA1AD5B /* MenuBarIconWhite.png */; };
		353C599F6108B47A2C0D6B41 /* AppViewModelTrendCacheTests.swift in Sources */ = {isa = PBXBuildFile; fileRef = F13CE13402C160304895C912 /* AppViewModelTrendCacheTests.swift */; };
		484A216DA5B16129B197429F /* MiniMaxService.swift in Sources */ = {isa = PBXBuildFile; fileRef = 1FF6B9FE16DDE191C927E55A /* MiniMaxService.swift */; };
		53150102108CF99497BA4546 /* MiniMaxService.swift in Sources */ = {isa = PBXBuildFile; fileRef = 1FF6B9FE16DDE191C927E55A /* MiniMaxService.swift */; };
		5E84302E7AA53CFE13223001 /* SharedModels.swift in Sources */ = {isa = PBXBuildFile; fileRef = 9414C803D917A736D233CFB1 /* SharedModels.swift */; };
		5FC686DCC2A6F7E912902909 /* CodexEquivalentValueIndexer.swift in Sources */ = {isa = PBXBuildFile; fileRef = 01E5C4D4BA969FABD3472107 /* CodexEquivalentValueIndexer.swift */; };
		7B60CB45BE012D8CDB1F4BD2 /* QuotaPulseMark.swift in Sources */ = {isa = PBXBuildFile; fileRef = C72292D333BFC868DA8912F8 /* QuotaPulseMark.swift */; };
		87331A603C5EAD3DACE9BBAF /* ProviderAccountTests.swift in Sources */ = {isa = PBXBuildFile; fileRef = 58EAE0BD066387C4565E4BBE /* ProviderAccountTests.swift */; };
		89011B2F5304B3212CB3EFDA /* QuotaPulseMark.swift in Sources */ = {isa = PBXBuildFile; fileRef = C72292D333BFC868DA8912F8 /* QuotaPulseMark.swift */; };
		8E0EC68197844D01FD823D84 /* SettingsView.swift in Sources */ = {isa = PBXBuildFile; fileRef = 4C9CD75A9EE1CA102F828EAF /* SettingsView.swift */; };
		8F4170DA7AC40592349FAD58 /* UsageWidget.swift in Sources */ = {isa = PBXBuildFile; fileRef = AB8F3E644DAA9E6A7DAE3671 /* UsageWidget.swift */; };
		AA7C6A147294294B570DCC55 /* UsageMetricsLogicTests.swift in Sources */ = {isa = PBXBuildFile; fileRef = C460EA0444BF0C2B9656323D /* UsageMetricsLogicTests.swift */; };
		AB630C8A308F0153351E1467 /* DeepSeekServiceTests.swift in Sources */ = {isa = PBXBuildFile; fileRef = 553D2E334889274F5D26D752 /* DeepSeekServiceTests.swift */; };
		ABFE3EF76BFB7A52C5311058 /* AppViewModel.swift in Sources */ = {isa = PBXBuildFile; fileRef = CD1285205F09B204EBEAE018 /* AppViewModel.swift */; };
		B57F915ED5C7D636FF216929 /* KeychainManager.swift in Sources */ = {isa = PBXBuildFile; fileRef = 602F70D65A9C980203F6BD98 /* KeychainManager.swift */; };
		BAFDF737F3AA15CB4135459F /* MainView.swift in Sources */ = {isa = PBXBuildFile; fileRef = D5778A959BCC4A1A91986E98 /* MainView.swift */; };
		BD0C01256AD90323EA278935 /* MacUsageTrackerApp.swift in Sources */ = {isa = PBXBuildFile; fileRef = 8892B5835F6801D9232A56D4 /* MacUsageTrackerApp.swift */; };
		C155C92883D10BFF2E0B2832 /* UpdateService.swift in Sources */ = {isa = PBXBuildFile; fileRef = 970286AFB63BF1D74B394556 /* UpdateService.swift */; };
		C963FBE0C3CCF6E83069F97D /* UsageMetricsLogic.swift in Sources */ = {isa = PBXBuildFile; fileRef = D15B8BEB8D28C099C0F1FB12 /* UsageMetricsLogic.swift */; };
		D56EB8F3911C7166AC6F678D /* KeychainPolicyTests.swift in Sources */ = {isa = PBXBuildFile; fileRef = F0C6955B4263AE56DDE8FE43 /* KeychainPolicyTests.swift */; };
		D8968224395A6FC809510369 /* CodexServiceTests.swift in Sources */ = {isa = PBXBuildFile; fileRef = A251B17913629DA70F7514A2 /* CodexServiceTests.swift */; };
		E0F81E5D29E851DCC65AB842 /* UpdateServiceTests.swift in Sources */ = {isa = PBXBuildFile; fileRef = 6211BC542870A74D68E8BB96 /* UpdateServiceTests.swift */; };
		E39FD4F1385147F6A33F609A /* CodexEquivalentValueIndexerTests.swift in Sources */ = {isa = PBXBuildFile; fileRef = 7D6532CAF38E297497E0634B /* CodexEquivalentValueIndexerTests.swift */; };
		EE65348837B367E0CB3484D6 /* AppIcon.icns in Resources */ = {isa = PBXBuildFile; fileRef = 8933A121A2B9D2EC0B16DD21 /* AppIcon.icns */; };
/* End PBXBuildFile section */

/* Begin PBXContainerItemProxy section */
		B608146405660C4C4423649F /* PBXContainerItemProxy */ = {
			isa = PBXContainerItemProxy;
			containerPortal = F5916F8A0256863539836978 /* Project object */;
			proxyType = 1;
			remoteGlobalIDString = 34833AA8C3D6D914A37C1768;
			remoteInfo = ApiUsageTrackerForMac;
		};
/* End PBXContainerItemProxy section */

/* Begin PBXFileReference section */
		01E5C4D4BA969FABD3472107 /* CodexEquivalentValueIndexer.swift */ = {isa = PBXFileReference; lastKnownFileType = sourcecode.swift; path = CodexEquivalentValueIndexer.swift; sourceTree = "<group>"; };
		0409C5BC1366F82E5D7C1C86 /* ApiUsageTrackerForMac.app */ = {isa = PBXFileReference; explicitFileType = wrapper.application; includeInIndex = 0; path = ApiUsageTrackerForMac.app; sourceTree = BUILT_PRODUCTS_DIR; };
		14F415E3ABAE6B0B1C239C1B /* Assets.xcassets */ = {isa = PBXFileReference; lastKnownFileType = folder.assetcatalog; path = Assets.xcassets; sourceTree = "<group>"; };
		1B31364AB1E3FED0DE8558EF /* Info.plist */ = {isa = PBXFileReference; lastKnownFileType = text.plist; path = Info.plist; sourceTree = "<group>"; };
		1FF6B9FE16DDE191C927E55A /* MiniMaxService.swift */ = {isa = PBXFileReference; lastKnownFileType = sourcecode.swift; path = MiniMaxService.swift; sourceTree = "<group>"; };
		2D75B1353ABF84B252D9C928 /* Info.plist */ = {isa = PBXFileReference; lastKnownFileType = text.plist; path = Info.plist; sourceTree = "<group>"; };
		4C9CD75A9EE1CA102F828EAF /* SettingsView.swift */ = {isa = PBXFileReference; lastKnownFileType = sourcecode.swift; path = SettingsView.swift; sourceTree = "<group>"; };
		553D2E334889274F5D26D752 /* DeepSeekServiceTests.swift */ = {isa = PBXFileReference; lastKnownFileType = sourcecode.swift; path = DeepSeekServiceTests.swift; sourceTree = "<group>"; };
		58EAE0BD066387C4565E4BBE /* ProviderAccountTests.swift */ = {isa = PBXFileReference; lastKnownFileType = sourcecode.swift; path = ProviderAccountTests.swift; sourceTree = "<group>"; };
		602F70D65A9C980203F6BD98 /* KeychainManager.swift */ = {isa = PBXFileReference; lastKnownFileType = sourcecode.swift; path = KeychainManager.swift; sourceTree = "<group>"; };
		6211BC542870A74D68E8BB96 /* UpdateServiceTests.swift */ = {isa = PBXFileReference; lastKnownFileType = sourcecode.swift; path = UpdateServiceTests.swift; sourceTree = "<group>"; };
		7BE95869E66771C1F8B0936E /* QuotaPulseTests.xctest */ = {isa = PBXFileReference; explicitFileType = wrapper.cfbundle; includeInIndex = 0; path = QuotaPulseTests.xctest; sourceTree = BUILT_PRODUCTS_DIR; };
		7D6532CAF38E297497E0634B /* CodexEquivalentValueIndexerTests.swift */ = {isa = PBXFileReference; lastKnownFileType = sourcecode.swift; path = CodexEquivalentValueIndexerTests.swift; sourceTree = "<group>"; };
		8892B5835F6801D9232A56D4 /* MacUsageTrackerApp.swift */ = {isa = PBXFileReference; lastKnownFileType = sourcecode.swift; path = MacUsageTrackerApp.swift; sourceTree = "<group>"; };
		8933A121A2B9D2EC0B16DD21 /* AppIcon.icns */ = {isa = PBXFileReference; lastKnownFileType = image.icns; path = AppIcon.icns; sourceTree = "<group>"; };
		9414C803D917A736D233CFB1 /* SharedModels.swift */ = {isa = PBXFileReference; lastKnownFileType = sourcecode.swift; path = SharedModels.swift; sourceTree = "<group>"; };
		968868EBA04CD1558EB228E7 /* UsageWidget.appex */ = {isa = PBXFileReference; explicitFileType = "wrapper.app-extension"; includeInIndex = 0; path = UsageWidget.appex; sourceTree = BUILT_PRODUCTS_DIR; };
		970286AFB63BF1D74B394556 /* UpdateService.swift */ = {isa = PBXFileReference; lastKnownFileType = sourcecode.swift; path = UpdateService.swift; sourceTree = "<group>"; };
		9B96BB309DBA1B3C9BA1AD5B /* MenuBarIconWhite.png */ = {isa = PBXFileReference; lastKnownFileType = image.png; path = MenuBarIconWhite.png; sourceTree = "<group>"; };
		A251B17913629DA70F7514A2 /* CodexServiceTests.swift */ = {isa = PBXFileReference; lastKnownFileType = sourcecode.swift; path = CodexServiceTests.swift; sourceTree = "<group>"; };
		AB8F3E644DAA9E6A7DAE3671 /* UsageWidget.swift */ = {isa = PBXFileReference; lastKnownFileType = sourcecode.swift; path = UsageWidget.swift; sourceTree = "<group>"; };
		C460EA0444BF0C2B9656323D /* UsageMetricsLogicTests.swift */ = {isa = PBXFileReference; lastKnownFileType = sourcecode.swift; path = UsageMetricsLogicTests.swift; sourceTree = "<group>"; };
		C72292D333BFC868DA8912F8 /* QuotaPulseMark.swift */ = {isa = PBXFileReference; lastKnownFileType = sourcecode.swift; path = QuotaPulseMark.swift; sourceTree = "<group>"; };
		CD1285205F09B204EBEAE018 /* AppViewModel.swift */ = {isa = PBXFileReference; lastKnownFileType = sourcecode.swift; path = AppViewModel.swift; sourceTree = "<group>"; };
		D15B8BEB8D28C099C0F1FB12 /* UsageMetricsLogic.swift */ = {isa = PBXFileReference; lastKnownFileType = sourcecode.swift; path = UsageMetricsLogic.swift; sourceTree = "<group>"; };
		D5778A959BCC4A1A91986E98 /* MainView.swift */ = {isa = PBXFileReference; lastKnownFileType = sourcecode.swift; path = MainView.swift; sourceTree = "<group>"; };
		E0CAC7C62436639BBD0B16F5 /* UsageDataSorting.swift */ = {isa = PBXFileReference; lastKnownFileType = sourcecode.swift; path = UsageDataSorting.swift; sourceTree = "<group>"; };
		E38E7BA76C378B83321F9903 /* ApiUsageTrackerForMac.entitlements */ = {isa = PBXFileReference; lastKnownFileType = text.plist.entitlements; path = ApiUsageTrackerForMac.entitlements; sourceTree = "<group>"; };
		F0C6955B4263AE56DDE8FE43 /* KeychainPolicyTests.swift */ = {isa = PBXFileReference; lastKnownFileType = sourcecode.swift; path = KeychainPolicyTests.swift; sourceTree = "<group>"; };
		F13CE13402C160304895C912 /* AppViewModelTrendCacheTests.swift */ = {isa = PBXFileReference; lastKnownFileType = sourcecode.swift; path = AppViewModelTrendCacheTests.swift; sourceTree = "<group>"; };
		F6E7B49F6EFDBFE6E3C7A42D /* UsageWidget.entitlements */ = {isa = PBXFileReference; lastKnownFileType = text.plist.entitlements; path = UsageWidget.entitlements; sourceTree = "<group>"; };
/* End PBXFileReference section */

/* Begin PBXFrameworksBuildPhase section */
		805D23CECC7A43739E211417 /* Frameworks */ = {
			isa = PBXFrameworksBuildPhase;
			buildActionMask = 2147483647;
			files = (
				226BA8872B4FD19FF834B1FA /* Sparkle in Frameworks */,
			);
			runOnlyForDeploymentPostprocessing = 0;
		};
/* End PBXFrameworksBuildPhase section */

/* Begin PBXGroup section */
		0A3D74A998D02565FDF264C6 /* App */ = {
			isa = PBXGroup;
			children = (
				8892B5835F6801D9232A56D4 /* MacUsageTrackerApp.swift */,
				CB69A4731C8DB7323CF137A7 /* Resources */,
				A6463FFA4DA8540D4F1A406B /* Services */,
				0D17A4149145FB5FBD4F6A13 /* ViewModels */,
				5B9E81D8AA4A9EDFDE2DFE57 /* Views */,
			);
			name = App;
			path = Sources/App;
			sourceTree = "<group>";
		};
		0D17A4149145FB5FBD4F6A13 /* ViewModels */ = {
			isa = PBXGroup;
			children = (
				CD1285205F09B204EBEAE018 /* AppViewModel.swift */,
				D15B8BEB8D28C099C0F1FB12 /* UsageMetricsLogic.swift */,
			);
			path = ViewModels;
			sourceTree = "<group>";
		};
		2BCA64DED5335F51D18AB8C3 = {
			isa = PBXGroup;
			children = (
				0A3D74A998D02565FDF264C6 /* App */,
				3FE62FDB61BEDC9F6FF3B7AA /* Shared */,
				5154AEF4D045B25E19B8139A /* Tests */,
				49AB45925B7E009F6FCAB862 /* Widget */,
				31D74C796630BECF5033E22B /* Products */,
			);
			sourceTree = "<group>";
		};
		31D74C796630BECF5033E22B /* Products */ = {
			isa = PBXGroup;
			children = (
				0409C5BC1366F82E5D7C1C86 /* ApiUsageTrackerForMac.app */,
				7BE95869E66771C1F8B0936E /* QuotaPulseTests.xctest */,
				968868EBA04CD1558EB228E7 /* UsageWidget.appex */,
			);
			name = Products;
			sourceTree = "<group>";
		};
		3FE62FDB61BEDC9F6FF3B7AA /* Shared */ = {
			isa = PBXGroup;
			children = (
				9B66FD2F701D3742749E5277 /* Models */,
				50DE942B2102F62A697C8487 /* Security */,
				51642C9F83E5F0A190F1FB11 /* Services */,
				CA3E4966B2C89510A9621A35 /* Views */,
			);
			name = Shared;
			path = Sources/Shared;
			sourceTree = "<group>";
		};
		49AB45925B7E009F6FCAB862 /* Widget */ = {
			isa = PBXGroup;
			children = (
				2D75B1353ABF84B252D9C928 /* Info.plist */,
				F6E7B49F6EFDBFE6E3C7A42D /* UsageWidget.entitlements */,
				AB8F3E644DAA9E6A7DAE3671 /* UsageWidget.swift */,
			);
			name = Widget;
			path = Sources/Widget;
			sourceTree = "<group>";
		};
		50DE942B2102F62A697C8487 /* Security */ = {
			isa = PBXGroup;
			children = (
				602F70D65A9C980203F6BD98 /* KeychainManager.swift */,
			);
			path = Security;
			sourceTree = "<group>";
		};
		5154AEF4D045B25E19B8139A /* Tests */ = {
			isa = PBXGroup;
			children = (
				F13CE13402C160304895C912 /* AppViewModelTrendCacheTests.swift */,
				7D6532CAF38E297497E0634B /* CodexEquivalentValueIndexerTests.swift */,
				A251B17913629DA70F7514A2 /* CodexServiceTests.swift */,
				553D2E334889274F5D26D752 /* DeepSeekServiceTests.swift */,
				F0C6955B4263AE56DDE8FE43 /* KeychainPolicyTests.swift */,
				58EAE0BD066387C4565E4BBE /* ProviderAccountTests.swift */,
				6211BC542870A74D68E8BB96 /* UpdateServiceTests.swift */,
				C460EA0444BF0C2B9656323D /* UsageMetricsLogicTests.swift */,
			);
			path = Tests;
			sourceTree = "<group>";
		};
		51642C9F83E5F0A190F1FB11 /* Services */ = {
			isa = PBXGroup;
			children = (
				01E5C4D4BA969FABD3472107 /* CodexEquivalentValueIndexer.swift */,
				1FF6B9FE16DDE191C927E55A /* MiniMaxService.swift */,
			);
			path = Services;
			sourceTree = "<group>";
		};
		5B9E81D8AA4A9EDFDE2DFE57 /* Views */ = {
			isa = PBXGroup;
			children = (
				D5778A959BCC4A1A91986E98 /* MainView.swift */,
				4C9CD75A9EE1CA102F828EAF /* SettingsView.swift */,
			);
			path = Views;
			sourceTree = "<group>";
		};
		9B66FD2F701D3742749E5277 /* Models */ = {
			isa = PBXGroup;
			children = (
				9414C803D917A736D233CFB1 /* SharedModels.swift */,
				E0CAC7C62436639BBD0B16F5 /* UsageDataSorting.swift */,
			);
			path = Models;
			sourceTree = "<group>";
		};
		A6463FFA4DA8540D4F1A406B /* Services */ = {
			isa = PBXGroup;
			children = (
				970286AFB63BF1D74B394556 /* UpdateService.swift */,
			);
			path = Services;
			sourceTree = "<group>";
		};
		CA3E4966B2C89510A9621A35 /* Views */ = {
			isa = PBXGroup;
			children = (
				C72292D333BFC868DA8912F8 /* QuotaPulseMark.swift */,
			);
			path = Views;
			sourceTree = "<group>";
		};
		CB69A4731C8DB7323CF137A7 /* Resources */ = {
			isa = PBXGroup;
			children = (
				E38E7BA76C378B83321F9903 /* ApiUsageTrackerForMac.entitlements */,
				8933A121A2B9D2EC0B16DD21 /* AppIcon.icns */,
				14F415E3ABAE6B0B1C239C1B /* Assets.xcassets */,
				1B31364AB1E3FED0DE8558EF /* Info.plist */,
				9B96BB309DBA1B3C9BA1AD5B /* MenuBarIconWhite.png */,
			);
			path = Resources;
			sourceTree = "<group>";
		};
/* End PBXGroup section */

/* Begin PBXNativeTarget section */
		04C859F8B778F67EBB79DD5B /* UsageWidget */ = {
			isa = PBXNativeTarget;
			buildConfigurationList = 49A246750341F52A5AECECC7 /* Build configuration list for PBXNativeTarget "UsageWidget" */;
			buildPhases = (
				70E1472B0E95FF109D979FE6 /* Sources */,
			);
			buildRules = (
			);
			dependencies = (
			);
			name = UsageWidget;
			packageProductDependencies = (
			);
			productName = UsageWidget;
			productReference = 968868EBA04CD1558EB228E7 /* UsageWidget.appex */;
			productType = "com.apple.product-type.app-extension";
		};
		34833AA8C3D6D914A37C1768 /* ApiUsageTrackerForMac */ = {
			isa = PBXNativeTarget;
			buildConfigurationList = F9F86B68F8B0B0967A1430FE /* Build configuration list for PBXNativeTarget "ApiUsageTrackerForMac" */;
			buildPhases = (
				7A08538BBE44D5148CC8CA97 /* Sources */,
				6A7E3DF47A631CF49B05E2DA /* Resources */,
				805D23CECC7A43739E211417 /* Frameworks */,
			);
			buildRules = (
			);
			dependencies = (
			);
			name = ApiUsageTrackerForMac;
			packageProductDependencies = (
				2E8282225F9008D9991A690F /* Sparkle */,
			);
			productName = ApiUsageTrackerForMac;
			productReference = 0409C5BC1366F82E5D7C1C86 /* ApiUsageTrackerForMac.app */;
			productType = "com.apple.product-type.application";
		};
		E8EDA08FB35EC063249A5BAA /* QuotaPulseTests */ = {
			isa = PBXNativeTarget;
			buildConfigurationList = 0E847D00E2ADAC45F7A9BB02 /* Build configuration list for PBXNativeTarget "QuotaPulseTests" */;
			buildPhases = (
				B30B4E11DF308875913C2156 /* Sources */,
			);
			buildRules = (
			);
			dependencies = (
				3E5B4C3F5EB526C3444C8D5F /* PBXTargetDependency */,
			);
			name = QuotaPulseTests;
			packageProductDependencies = (
			);
			productName = QuotaPulseTests;
			productReference = 7BE95869E66771C1F8B0936E /* QuotaPulseTests.xctest */;
			productType = "com.apple.product-type.bundle.unit-test";
		};
/* End PBXNativeTarget section */

/* Begin PBXProject section */
		F5916F8A0256863539836978 /* Project object */ = {
			isa = PBXProject;
			attributes = {
				BuildIndependentTargetsInParallel = YES;
				LastUpgradeCheck = 1500;
			};
			buildConfigurationList = 5EFFCCD497BC32DAFF9AC013 /* Build configuration list for PBXProject "ApiUsageTrackerForMac" */;
			compatibilityVersion = "Xcode 14.0";
			developmentRegion = en;
			hasScannedForEncodings = 0;
			knownRegions = (
				Base,
				en,
			);
			mainGroup = 2BCA64DED5335F51D18AB8C3;
			minimizedProjectReferenceProxies = 1;
			packageReferences = (
				96BD310F60D3ED1C966C313E /* XCRemoteSwiftPackageReference "Sparkle" */,
			);
			preferredProjectObjectVersion = 77;
			projectDirPath = "";
			projectRoot = "";
			targets = (
				34833AA8C3D6D914A37C1768 /* ApiUsageTrackerForMac */,
				E8EDA08FB35EC063249A5BAA /* QuotaPulseTests */,
				04C859F8B778F67EBB79DD5B /* UsageWidget */,
			);
		};
/* End PBXProject section */

/* Begin PBXResourcesBuildPhase section */
		6A7E3DF47A631CF49B05E2DA /* Resources */ = {
			isa = PBXResourcesBuildPhase;
			buildActionMask = 2147483647;
			files = (
				EE65348837B367E0CB3484D6 /* AppIcon.icns in Resources */,
				13F488C052886E1CECA919C8 /* Assets.xcassets in Resources */,
				324E88666A3E6F6DD291E2FC /* MenuBarIconWhite.png in Resources */,
			);
			runOnlyForDeploymentPostprocessing = 0;
		};
/* End PBXResourcesBuildPhase section */

/* Begin PBXSourcesBuildPhase section */
		70E1472B0E95FF109D979FE6 /* Sources */ = {
			isa = PBXSourcesBuildPhase;
			buildActionMask = 2147483647;
			files = (
				320BDB51592A7885254A88C0 /* CodexEquivalentValueIndexer.swift in Sources */,
				00F9B57E8B54F79C613BE58D /* KeychainManager.swift in Sources */,
				53150102108CF99497BA4546 /* MiniMaxService.swift in Sources */,
				89011B2F5304B3212CB3EFDA /* QuotaPulseMark.swift in Sources */,
				28C826CE0E50865749DF28C2 /* SharedModels.swift in Sources */,
				30D02AA389725B8973EBE0AE /* UsageDataSorting.swift in Sources */,
				8F4170DA7AC40592349FAD58 /* UsageWidget.swift in Sources */,
			);
			runOnlyForDeploymentPostprocessing = 0;
		};
		7A08538BBE44D5148CC8CA97 /* Sources */ = {
			isa = PBXSourcesBuildPhase;
			buildActionMask = 2147483647;
			files = (
				ABFE3EF76BFB7A52C5311058 /* AppViewModel.swift in Sources */,
				5FC686DCC2A6F7E912902909 /* CodexEquivalentValueIndexer.swift in Sources */,
				B57F915ED5C7D636FF216929 /* KeychainManager.swift in Sources */,
				BD0C01256AD90323EA278935 /* MacUsageTrackerApp.swift in Sources */,
				BAFDF737F3AA15CB4135459F /* MainView.swift in Sources */,
				484A216DA5B16129B197429F /* MiniMaxService.swift in Sources */,
				7B60CB45BE012D8CDB1F4BD2 /* QuotaPulseMark.swift in Sources */,
				8E0EC68197844D01FD823D84 /* SettingsView.swift in Sources */,
				5E84302E7AA53CFE13223001 /* SharedModels.swift in Sources */,
				C155C92883D10BFF2E0B2832 /* UpdateService.swift in Sources */,
				22A6E906D0306C61FA343D3D /* UsageDataSorting.swift in Sources */,
				C963FBE0C3CCF6E83069F97D /* UsageMetricsLogic.swift in Sources */,
			);
			runOnlyForDeploymentPostprocessing = 0;
		};
		B30B4E11DF308875913C2156 /* Sources */ = {
			isa = PBXSourcesBuildPhase;
			buildActionMask = 2147483647;
			files = (
				353C599F6108B47A2C0D6B41 /* AppViewModelTrendCacheTests.swift in Sources */,
				E39FD4F1385147F6A33F609A /* CodexEquivalentValueIndexerTests.swift in Sources */,
				D8968224395A6FC809510369 /* CodexServiceTests.swift in Sources */,
				AB630C8A308F0153351E1467 /* DeepSeekServiceTests.swift in Sources */,
				D56EB8F3911C7166AC6F678D /* KeychainPolicyTests.swift in Sources */,
				87331A603C5EAD3DACE9BBAF /* ProviderAccountTests.swift in Sources */,
				E0F81E5D29E851DCC65AB842 /* UpdateServiceTests.swift in Sources */,
				AA7C6A147294294B570DCC55 /* UsageMetricsLogicTests.swift in Sources */,
			);
			runOnlyForDeploymentPostprocessing = 0;
		};
/* End PBXSourcesBuildPhase section */

/* Begin PBXTargetDependency section */
		3E5B4C3F5EB526C3444C8D5F /* PBXTargetDependency */ = {
			isa = PBXTargetDependency;
			target = 34833AA8C3D6D914A37C1768 /* ApiUsageTrackerForMac */;
			targetProxy = B608146405660C4C4423649F /* PBXContainerItemProxy */;
		};
/* End PBXTargetDependency section */

/* Begin XCBuildConfiguration section */
		06C76896782459076249519C /* Release */ = {
			isa = XCBuildConfiguration;
			buildSettings = {
				ALWAYS_SEARCH_USER_PATHS = NO;
				CLANG_ANALYZER_NONNULL = YES;
				CLANG_ANALYZER_NUMBER_OBJECT_CONVERSION = YES_AGGRESSIVE;
				CLANG_CXX_LANGUAGE_STANDARD = "gnu++14";
				CLANG_CXX_LIBRARY = "libc++";
				CLANG_ENABLE_MODULES = YES;
				CLANG_ENABLE_OBJC_ARC = YES;
				CLANG_ENABLE_OBJC_WEAK = YES;
				CLANG_WARN_BLOCK_CAPTURE_AUTORELEASING = YES;
				CLANG_WARN_BOOL_CONVERSION = YES;
				CLANG_WARN_COMMA = YES;
				CLANG_WARN_CONSTANT_CONVERSION = YES;
				CLANG_WARN_DEPRECATED_OBJC_IMPLEMENTATIONS = YES;
				CLANG_WARN_DIRECT_OBJC_ISA_USAGE = YES_ERROR;
				CLANG_WARN_DOCUMENTATION_COMMENTS = YES;
				CLANG_WARN_EMPTY_BODY = YES;
				CLANG_WARN_ENUM_CONVERSION = YES;
				CLANG_WARN_INFINITE_RECURSION = YES;
				CLANG_WARN_INT_CONVERSION = YES;
				CLANG_WARN_NON_LITERAL_NULL_CONVERSION = YES;
				CLANG_WARN_OBJC_IMPLICIT_RETAIN_SELF = YES;
				CLANG_WARN_OBJC_LITERAL_CONVERSION = YES;
				CLANG_WARN_OBJC_ROOT_CLASS = YES_ERROR;
				CLANG_WARN_QUOTED_INCLUDE_IN_FRAMEWORK_HEADER = YES;
				CLANG_WARN_RANGE_LOOP_ANALYSIS = YES;
				CLANG_WARN_STRICT_PROTOTYPES = YES;
				CLANG_WARN_SUSPICIOUS_MOVE = YES;
				CLANG_WARN_UNGUARDED_AVAILABILITY = YES_AGGRESSIVE;
				CLANG_WARN_UNREACHABLE_CODE = YES;
				CLANG_WARN__DUPLICATE_METHOD_MATCH = YES;
				COPY_PHASE_STRIP = NO;
				CURRENT_PROJECT_VERSION = 37;
				DEBUG_INFORMATION_FORMAT = "dwarf-with-dsym";
				ENABLE_HARDENED_RUNTIME = YES;
				ENABLE_NS_ASSERTIONS = NO;
				ENABLE_STRICT_OBJC_MSGSEND = YES;
				GCC_C_LANGUAGE_STANDARD = gnu11;
				GCC_NO_COMMON_BLOCKS = YES;
				GCC_WARN_64_TO_32_BIT_CONVERSION = YES;
				GCC_WARN_ABOUT_RETURN_TYPE = YES_ERROR;
				GCC_WARN_UNDECLARED_SELECTOR = YES;
				GCC_WARN_UNINITIALIZED_AUTOS = YES_AGGRESSIVE;
				GCC_WARN_UNUSED_FUNCTION = YES;
				GCC_WARN_UNUSED_VARIABLE = YES;
				MACOSX_DEPLOYMENT_TARGET = 14.0;
				MARKETING_VERSION = 1.0.13;
				MTL_ENABLE_DEBUG_INFO = NO;
				MTL_FAST_MATH = YES;
				PRODUCT_NAME = "$(TARGET_NAME)";
				SDKROOT = macosx;
				SWIFT_COMPILATION_MODE = wholemodule;
				SWIFT_OPTIMIZATION_LEVEL = "-O";
				SWIFT_VERSION = 5.9;
			};
			name = Release;
		};
		0CD947E7BC984515DD32AD62 /* Release */ = {
			isa = XCBuildConfiguration;
			buildSettings = {
				CODE_SIGNING_ALLOWED = NO;
				CODE_SIGN_ENTITLEMENTS = Sources/Widget/UsageWidget.entitlements;
				CODE_SIGN_IDENTITY = "-";
				CODE_SIGN_STYLE = Manual;
				COMBINE_HIDPI_IMAGES = YES;
				INFOPLIST_FILE = Sources/Widget/Info.plist;
				LD_RUNPATH_SEARCH_PATHS = "$(inherited) @executable_path/../Frameworks @executable_path/../../../../Frameworks";
				PRODUCT_BUNDLE_IDENTIFIER = com.mactools.apiusagetracker.widget;
				PRODUCT_NAME = "QuotaPulse Widget";
				SDKROOT = macosx;
				SKIP_INSTALL = YES;
			};
			name = Release;
		};
		13A564C2B511336EEC9A36F9 /* Release */ = {
			isa = XCBuildConfiguration;
			buildSettings = {
				ASSETCATALOG_COMPILER_APPICON_NAME = AppIcon;
				CODE_SIGNING_ALLOWED = NO;
				CODE_SIGN_ENTITLEMENTS = Sources/App/Resources/ApiUsageTrackerForMac.entitlements;
				CODE_SIGN_IDENTITY = "-";
				CODE_SIGN_STYLE = Manual;
				COMBINE_HIDPI_IMAGES = YES;
				GENERATE_INFOPLIST_FILE = NO;
				INFOPLIST_FILE = Sources/App/Resources/Info.plist;
				LD_RUNPATH_SEARCH_PATHS = "$(inherited) @executable_path/../Frameworks";
				LSUIElement = YES;
				PRODUCT_BUNDLE_IDENTIFIER = com.mactools.apiusagetracker;
				PRODUCT_NAME = QuotaPulse;
				SDKROOT = macosx;
			};
			name = Release;
		};
		57588ABC4DFAA1CD5C0D52F1 /* Debug */ = {
			isa = XCBuildConfiguration;
			buildSettings = {
				ASSETCATALOG_COMPILER_APPICON_NAME = AppIcon;
				CODE_SIGN_ENTITLEMENTS = Sources/App/Resources/ApiUsageTrackerForMac.entitlements;
				CODE_SIGN_STYLE = Automatic;
				COMBINE_HIDPI_IMAGES = YES;
				GENERATE_INFOPLIST_FILE = NO;
				INFOPLIST_FILE = Sources/App/Resources/Info.plist;
				LD_RUNPATH_SEARCH_PATHS = "$(inherited) @executable_path/../Frameworks";
				LSUIElement = YES;
				PRODUCT_BUNDLE_IDENTIFIER = com.mactools.apiusagetracker;
				PRODUCT_NAME = QuotaPulse;
				SDKROOT = macosx;
			};
			name = Debug;
		};
		6432E93F292ADFA633DC33DF /* Debug */ = {
			isa = XCBuildConfiguration;
			buildSettings = {
				BUNDLE_LOADER = "$(TEST_HOST)";
				CODE_SIGN_STYLE = Automatic;
				COMBINE_HIDPI_IMAGES = YES;
				GENERATE_INFOPLIST_FILE = YES;
				LD_RUNPATH_SEARCH_PATHS = (
					"$(inherited)",
					"@executable_path/../Frameworks",
					"@loader_path/../Frameworks",
				);
				PRODUCT_BUNDLE_IDENTIFIER = com.mactools.apiusagetracker.tests;
				PRODUCT_NAME = QuotaPulseTests;
				SDKROOT = macosx;
				TEST_HOST = "$(BUILT_PRODUCTS_DIR)/QuotaPulse.app/Contents/MacOS/QuotaPulse";
			};
			name = Debug;
		};
		97D6E71A3E27BE70CE328404 /* Debug */ = {
			isa = XCBuildConfiguration;
			buildSettings = {
				CODE_SIGN_ENTITLEMENTS = Sources/Widget/UsageWidget.entitlements;
				CODE_SIGN_STYLE = Automatic;
				COMBINE_HIDPI_IMAGES = YES;
				INFOPLIST_FILE = Sources/Widget/Info.plist;
				LD_RUNPATH_SEARCH_PATHS = "$(inherited) @executable_path/../Frameworks @executable_path/../../../../Frameworks";
				PRODUCT_BUNDLE_IDENTIFIER = com.mactools.apiusagetracker.widget;
				PRODUCT_NAME = "QuotaPulse Widget";
				SDKROOT = macosx;
				SKIP_INSTALL = YES;
			};
			name = Debug;
		};
		AEE84357153851E7B39E8CFA /* Release */ = {
			isa = XCBuildConfiguration;
			buildSettings = {
				BUNDLE_LOADER = "$(TEST_HOST)";
				CODE_SIGNING_ALLOWED = NO;
				CODE_SIGN_IDENTITY = "-";
				CODE_SIGN_STYLE = Manual;
				COMBINE_HIDPI_IMAGES = YES;
				GENERATE_INFOPLIST_FILE = YES;
				LD_RUNPATH_SEARCH_PATHS = (
					"$(inherited)",
					"@executable_path/../Frameworks",
					"@loader_path/../Frameworks",
				);
				PRODUCT_BUNDLE_IDENTIFIER = com.mactools.apiusagetracker.tests;
				PRODUCT_NAME = QuotaPulseTests;
				SDKROOT = macosx;
				TEST_HOST = "$(BUILT_PRODUCTS_DIR)/QuotaPulse.app/Contents/MacOS/QuotaPulse";
			};
			name = Release;
		};
		C1C803D77BC0136F7DF21C41 /* Debug */ = {
			isa = XCBuildConfiguration;
			buildSettings = {
				ALWAYS_SEARCH_USER_PATHS = NO;
				CLANG_ANALYZER_NONNULL = YES;
				CLANG_ANALYZER_NUMBER_OBJECT_CONVERSION = YES_AGGRESSIVE;
				CLANG_CXX_LANGUAGE_STANDARD = "gnu++14";
				CLANG_CXX_LIBRARY = "libc++";
				CLANG_ENABLE_MODULES = YES;
				CLANG_ENABLE_OBJC_ARC = YES;
				CLANG_ENABLE_OBJC_WEAK = YES;
				CLANG_WARN_BLOCK_CAPTURE_AUTORELEASING = YES;
				CLANG_WARN_BOOL_CONVERSION = YES;
				CLANG_WARN_COMMA = YES;
				CLANG_WARN_CONSTANT_CONVERSION = YES;
				CLANG_WARN_DEPRECATED_OBJC_IMPLEMENTATIONS = YES;
				CLANG_WARN_DIRECT_OBJC_ISA_USAGE = YES_ERROR;
				CLANG_WARN_DOCUMENTATION_COMMENTS = YES;
				CLANG_WARN_EMPTY_BODY = YES;
				CLANG_WARN_ENUM_CONVERSION = YES;
				CLANG_WARN_INFINITE_RECURSION = YES;
				CLANG_WARN_INT_CONVERSION = YES;
				CLANG_WARN_NON_LITERAL_NULL_CONVERSION = YES;
				CLANG_WARN_OBJC_IMPLICIT_RETAIN_SELF = YES;
				CLANG_WARN_OBJC_LITERAL_CONVERSION = YES;
				CLANG_WARN_OBJC_ROOT_CLASS = YES_ERROR;
				CLANG_WARN_QUOTED_INCLUDE_IN_FRAMEWORK_HEADER = YES;
				CLANG_WARN_RANGE_LOOP_ANALYSIS = YES;
				CLANG_WARN_STRICT_PROTOTYPES = YES;
				CLANG_WARN_SUSPICIOUS_MOVE = YES;
				CLANG_WARN_UNGUARDED_AVAILABILITY = YES_AGGRESSIVE;
				CLANG_WARN_UNREACHABLE_CODE = YES;
				CLANG_WARN__DUPLICATE_METHOD_MATCH = YES;
				COPY_PHASE_STRIP = NO;
				CURRENT_PROJECT_VERSION = 37;
				DEBUG_INFORMATION_FORMAT = dwarf;
				ENABLE_HARDENED_RUNTIME = YES;
				ENABLE_STRICT_OBJC_MSGSEND = YES;
				ENABLE_TESTABILITY = YES;
				GCC_C_LANGUAGE_STANDARD = gnu11;
				GCC_DYNAMIC_NO_PIC = NO;
				GCC_NO_COMMON_BLOCKS = YES;
				GCC_OPTIMIZATION_LEVEL = 0;
				GCC_PREPROCESSOR_DEFINITIONS = (
					"$(inherited)",
					"DEBUG=1",
				);
				GCC_WARN_64_TO_32_BIT_CONVERSION = YES;
				GCC_WARN_ABOUT_RETURN_TYPE = YES_ERROR;
				GCC_WARN_UNDECLARED_SELECTOR = YES;
				GCC_WARN_UNINITIALIZED_AUTOS = YES_AGGRESSIVE;
				GCC_WARN_UNUSED_FUNCTION = YES;
				GCC_WARN_UNUSED_VARIABLE = YES;
				MACOSX_DEPLOYMENT_TARGET = 14.0;
				MARKETING_VERSION = 1.0.13;
				MTL_ENABLE_DEBUG_INFO = INCLUDE_SOURCE;
				MTL_FAST_MATH = YES;
				ONLY_ACTIVE_ARCH = YES;
				PRODUCT_NAME = "$(TARGET_NAME)";
				SDKROOT = macosx;
				SWIFT_ACTIVE_COMPILATION_CONDITIONS = DEBUG;
				SWIFT_OPTIMIZATION_LEVEL = "-Onone";
				SWIFT_VERSION = 5.9;
			};
			name = Debug;
		};
/* End XCBuildConfiguration section */

/* Begin XCConfigurationList section */
		0E847D00E2ADAC45F7A9BB02 /* Build configuration list for PBXNativeTarget "QuotaPulseTests" */ = {
			isa = XCConfigurationList;
			buildConfigurations = (
				6432E93F292ADFA633DC33DF /* Debug */,
				AEE84357153851E7B39E8CFA /* Release */,
			);
			defaultConfigurationIsVisible = 0;
			defaultConfigurationName = Debug;
		};
		49A246750341F52A5AECECC7 /* Build configuration list for PBXNativeTarget "UsageWidget" */ = {
			isa = XCConfigurationList;
			buildConfigurations = (
				97D6E71A3E27BE70CE328404 /* Debug */,
				0CD947E7BC984515DD32AD62 /* Release */,
			);
			defaultConfigurationIsVisible = 0;
			defaultConfigurationName = Debug;
		};
		5EFFCCD497BC32DAFF9AC013 /* Build configuration list for PBXProject "ApiUsageTrackerForMac" */ = {
			isa = XCConfigurationList;
			buildConfigurations = (
				C1C803D77BC0136F7DF21C41 /* Debug */,
				06C76896782459076249519C /* Release */,
			);
			defaultConfigurationIsVisible = 0;
			defaultConfigurationName = Debug;
		};
		F9F86B68F8B0B0967A1430FE /* Build configuration list for PBXNativeTarget "ApiUsageTrackerForMac" */ = {
			isa = XCConfigurationList;
			buildConfigurations = (
				57588ABC4DFAA1CD5C0D52F1 /* Debug */,
				13A564C2B511336EEC9A36F9 /* Release */,
			);
			defaultConfigurationIsVisible = 0;
			defaultConfigurationName = Debug;
		};
/* End XCConfigurationList section */

/* Begin XCRemoteSwiftPackageReference section */
		96BD310F60D3ED1C966C313E /* XCRemoteSwiftPackageReference "Sparkle" */ = {
			isa = XCRemoteSwiftPackageReference;
			repositoryURL = "https://github.com/sparkle-project/Sparkle.git";
			requirement = {
				kind = upToNextMajorVersion;
				minimumVersion = 2.9.0;
			};
		};
/* End XCRemoteSwiftPackageReference section */

/* Begin XCSwiftPackageProductDependency section */
		2E8282225F9008D9991A690F /* Sparkle */ = {
			isa = XCSwiftPackageProductDependency;
			package = 96BD310F60D3ED1C966C313E /* XCRemoteSwiftPackageReference "Sparkle" */;
			productName = Sparkle;
		};
/* End XCSwiftPackageProductDependency section */
	};
	rootObject = F5916F8A0256863539836978 /* Project object */;
}
